// !$*UTF8*$!
{
	archiveVersion = 1;
	classes = {
	};
	objectVersion = 55;
	objects = {

/* Begin PBXBuildFile section */
		22E873772770ED720018D924 /* Trivia.swift in Sources */ = {isa = PBXBuildFile; fileRef = 22E873762770ED720018D924 /* Trivia.swift */; };
		22E8737A2770ED8C0018D924 /* Answer.swift in Sources */ = {isa = PBXBuildFile; fileRef = 22E873792770ED8C0018D924 /* Answer.swift */; };
		22F2652F276CDEB60055E2BC /* TriviaGameApp.swift in Sources */ = {isa = PBXBuildFile; fileRef = 22F2652E276CDEB60055E2BC /* TriviaGameApp.swift */; };
		22F26531276CDEB60055E2BC /* ContentView.swift in Sources */ = {isa = PBXBuildFile; fileRef = 22F26530276CDEB60055E2BC /* ContentView.swift */; };
		22F26533276CDEB70055E2BC /* Assets.xcassets in Resources */ = {isa = PBXBuildFile; fileRef = 22F26532276CDEB70055E2BC /* Assets.xcassets */; };
		22F26536276CDEB70055E2BC /* Preview Assets.xcassets in Resources */ = {isa = PBXBuildFile; fileRef = 22F26535276CDEB70055E2BC /* Preview Assets.xcassets */; };
		22F2653E276CEEBE0055E2BC /* TriviaView.swift in Sources */ = {isa = PBXBuildFile; fileRef = 22F2653D276CEEBE0055E2BC /* TriviaView.swift */; };
		22F26540276CEFAE0055E2BC /* Extensions.swift in Sources */ = {isa = PBXBuildFile; fileRef = 22F2653F276CEFAE0055E2BC /* Extensions.swift */; };
		22F26543276CF68C0055E2BC /* AnswerRow.swift in Sources */ = {isa = PBXBuildFile; fileRef = 22F26542276CF68C0055E2BC /* AnswerRow.swift */; };
		22F26545276CFC7A0055E2BC /* TriviaManager.swift in Sources */ = {isa = PBXBuildFile; fileRef = 22F26544276CFC7A0055E2BC /* TriviaManager.swift */; };
		22F26547276D2A7C0055E2BC /* ProgressBar.swift in Sources */ = {isa = PBXBuildFile; fileRef = 22F26546276D2A7C0055E2BC /* ProgressBar.swift */; };
		22F26549276D3B3E0055E2BC /* QuestionView.swift in Sources */ = {isa = PBXBuildFile; fileRef = 22F26548276D3B3E0055E2BC /* QuestionView.swift */; };
		22F2654B276D3FFF0055E2BC /* PrimaryButton.swift in Sources */ = {isa = PBXBuildFile; fileRef = 22F2654A276D3FFF0055E2BC /* PrimaryButton.swift */; };
/* End PBXBuildFile section */

/* Begin PBXFileReference section */
		22E873762770ED720018D924 /* Trivia.swift */ = {isa = PBXFileReference; lastKnownFileType = sourcecode.swift; path = Trivia.swift; sourceTree = "<group>"; };
		22E873792770ED8C0018D924 /* Answer.swift */ = {isa = PBXFileReference; lastKnownFileType = sourcecode.swift; path = Answer.swift; sourceTree = "<group>"; };
		22F2652B276CDEB60055E2BC /* TriviaGame.app */ = {isa = PBXFileReference; explicitFileType = wrapper.application; includeInIndex = 0; path = TriviaGame.app; sourceTree = BUILT_PRODUCTS_DIR; };
		22F2652E276CDEB60055E2BC /* TriviaGameApp.swift */ = {isa = PBXFileReference; lastKnownFileType = sourcecode.swift; path = TriviaGameApp.swift; sourceTree = "<group>"; };
		22F26530276CDEB60055E2BC /* ContentView.swift */ = {isa = PBXFileReference; lastKnownFileType = sourcecode.swift; path = ContentView.swift; sourceTree = "<group>"; };
		22F26532276CDEB70055E2BC /* Assets.xcassets */ = {isa = PBXFileReference; lastKnownFileType = folder.assetcatalog; path = Assets.xcassets; sourceTree = "<group>"; };
		22F26535276CDEB70055E2BC /* Preview Assets.xcassets */ = {isa = PBXFileReference; lastKnownFileType = folder.assetcatalog; path = "Preview Assets.xcassets"; sourceTree = "<group>"; };
		22F2653D276CEEBE0055E2BC /* TriviaView.swift */ = {isa = PBXFileReference; lastKnownFileType = sourcecode.swift; path = TriviaView.swift; sourceTree = "<group>"; };
		22F2653F276CEFAE0055E2BC /* Extensions.swift */ = {isa = PBXFileReference; lastKnownFileType = sourcecode.swift; path = Extensions.swift; sourceTree = "<group>"; };
		22F26542276CF68C0055E2BC /* AnswerRow.swift */ = {isa = PBXFileReference; lastKnownFileType = sourcecode.swift; path = AnswerRow.swift; sourceTree = "<group>"; };
		22F26544276CFC7A0055E2BC /* TriviaManager.swift */ = {isa = PBXFileReference; lastKnownFileType = sourcecode.swift; path = TriviaManager.swift; sourceTree = "<group>"; };
		22F26546276D2A7C0055E2BC /* ProgressBar.swift */ = {isa = PBXFileReference; lastKnownFileType = sourcecode.swift; path = ProgressBar.swift; sourceTree = "<group>"; };
		22F26548276D3B3E0055E2BC /* QuestionView.swift */ = {isa = PBXFileReference; lastKnownFileType = sourcecode.swift; path = QuestionView.swift; sourceTree = "<group>"; };
		22F2654A276D3FFF0055E2BC /* PrimaryButton.swift */ = {isa = PBXFileReference; lastKnownFileType = sourcecode.swift; path = PrimaryButton.swift; sourceTree = "<group>"; };
/* End PBXFileReference section */

/* Begin PBXFrameworksBuildPhase section */
		22F26528276CDEB60055E2BC /* Frameworks */ = {
			isa = PBXFrameworksBuildPhase;
			buildActionMask = 2147483647;
			files = (
			);
			runOnlyForDeploymentPostprocessing = 0;
		};
/* End PBXFrameworksBuildPhase section */

/* Begin PBXGroup section */
		22E873782770ED750018D924 /* Models */ = {
			isa = PBXGroup;
			children = (
				22E873762770ED720018D924 /* Trivia.swift */,
				22E873792770ED8C0018D924 /* Answer.swift */,
			);
			path = Models;
			sourceTree = "<group>";
		};
		22F26522276CDEB60055E2BC = {
			isa = PBXGroup;
			children = (
				22F2652D276CDEB60055E2BC /* TriviaGame */,
				22F2652C276CDEB60055E2BC /* Products */,
			);
			sourceTree = "<group>";
		};
		22F2652C276CDEB60055E2BC /* Products */ = {
			isa = PBXGroup;
			children = (
				22F2652B276CDEB60055E2BC /* TriviaGame.app */,
			);
			name = Products;
			sourceTree = "<group>";
		};
		22F2652D276CDEB60055E2BC /* TriviaGame */ = {
			isa = PBXGroup;
			children = (
				22F2652E276CDEB60055E2BC /* TriviaGameApp.swift */,
				22F26544276CFC7A0055E2BC /* TriviaManager.swift */,
				22F2653F276CEFAE0055E2BC /* Extensions.swift */,
				22F2653C276CEEA40055E2BC /* Views */,
				22F26541276CF4000055E2BC /* Components */,
				22E873782770ED750018D924 /* Models */,
				22F26532276CDEB70055E2BC /* Assets.xcassets */,
				22F26534276CDEB70055E2BC /* Preview Content */,
			);
			path = TriviaGame;
			sourceTree = "<group>";
		};
		22F26534276CDEB70055E2BC /* Preview Content */ = {
			isa = PBXGroup;
			children = (
				22F26535276CDEB70055E2BC /* Preview Assets.xcassets */,
			);
			path = "Preview Content";
			sourceTree = "<group>";
		};
		22F2653C276CEEA40055E2BC /* Views */ = {
			isa = PBXGroup;
			children = (
				22F26530276CDEB60055E2BC /* ContentView.swift */,
				22F2653D276CEEBE0055E2BC /* TriviaView.swift */,
				22F26548276D3B3E0055E2BC /* QuestionView.swift */,
			);
			path = Views;
			sourceTree = "<group>";
		};
		22F26541276CF4000055E2BC /* Components */ = {
			isa = PBXGroup;
			children = (
				22F26542276CF68C0055E2BC /* AnswerRow.swift */,
				22F26546276D2A7C0055E2BC /* ProgressBar.swift */,
				22F2654A276D3FFF0055E2BC /* PrimaryButton.swift */,
			);
			path = Components;
			sourceTree = "<group>";
		};
/* End PBXGroup section */

/* Begin PBXNativeTarget section */
		22F2652A276CDEB60055E2BC /* TriviaGame */ = {
			isa = PBXNativeTarget;
			buildConfigurationList = 22F26539276CDEB70055E2BC /* Build configuration list for PBXNativeTarget "TriviaGame" */;
			buildPhases = (
				22F26527276CDEB60055E2BC /* Sources */,
				22F26528276CDEB60055E2BC /* Frameworks */,
				22F26529276CDEB60055E2BC /* Resources */,
			);
			buildRules = (
			);
			dependencies = (
			);
			name = TriviaGame;
			productName = TriviaGame;
			productReference = 22F2652B276CDEB60055E2BC /* TriviaGame.app */;
			productType = "com.apple.product-type.application";
		};
/* End PBXNativeTarget section */

/* Begin PBXProject section */
		22F26523276CDEB60055E2BC /* Project object */ = {
			isa = PBXProject;
			attributes = {
				BuildIndependentTargetsInParallel = 1;
				LastSwiftUpdateCheck = 1310;
				LastUpgradeCheck = 1310;
				TargetAttributes = {
					22F2652A276CDEB60055E2BC = {
						CreatedOnToolsVersion = 13.1;
					};
				};
			};
			buildConfigurationList = 22F26526276CDEB60055E2BC /* Build configuration list for PBXProject "TriviaGame" */;
			compatibilityVersion = "Xcode 13.0";
			developmentRegion = en;
			hasScannedForEncodings = 0;
			knownRegions = (
				en,
				Base,
			);
			mainGroup = 22F26522276CDEB60055E2BC;
			productRefGroup = 22F2652C276CDEB60055E2BC /* Products */;
			projectDirPath = "";
			projectRoot = "";
			targets = (
				22F2652A276CDEB60055E2BC /* TriviaGame */,
			);
		};
/* End PBXProject section */

/* Begin PBXResourcesBuildPhase section */
		22F26529276CDEB60055E2BC /* Resources */ = {
			isa = PBXResourcesBuildPhase;
			buildActionMask = 2147483647;
			files = (
				22F26536276CDEB70055E2BC /* Preview Assets.xcassets in Resources */,
				22F26533276CDEB70055E2BC /* Assets.xcassets in Resources */,
			);
			runOnlyForDeploymentPostprocessing = 0;
		};
/* End PBXResourcesBuildPhase section */

/* Begin PBXSourcesBuildPhase section */
		22F26527276CDEB60055E2BC /* Sources */ = {
			isa = PBXSourcesBuildPhase;
			buildActionMask = 2147483647;
			files = (
				22F2654B276D3FFF0055E2BC /* PrimaryButton.swift in Sources */,
				22F26549276D3B3E0055E2BC /* QuestionView.swift in Sources */,
				22E873772770ED720018D924 /* Trivia.swift in Sources */,
				22F26531276CDEB60055E2BC /* ContentView.swift in Sources */,
				22F2653E276CEEBE0055E2BC /* TriviaView.swift in Sources */,
				22E8737A2770ED8C0018D924 /* Answer.swift in Sources */,
				22F26545276CFC7A0055E2BC /* TriviaManager.swift in Sources */,
				22F2652F276CDEB60055E2BC /* TriviaGameApp.swift in Sources */,
				22F26543276CF68C0055E2BC /* AnswerRow.swift in Sources */,
				22F26540276CEFAE0055E2BC /* Extensions.swift in Sources */,
				22F26547276D2A7C0055E2BC /* ProgressBar.swift in Sources */,
			);
			runOnlyForDeploymentPostprocessing = 0;
		};
/* End PBXSourcesBuildPhase section */

/* Begin XCBuildConfiguration section */
		22F26537276CDEB70055E2BC /* Debug */ = {
			isa = XCBuildConfiguration;
			buildSettings = {
				ALWAYS_SEARCH_USER_PATHS = NO;
				CLANG_ANALYZER_NONNULL = YES;
				CLANG_ANALYZER_NUMBER_OBJECT_CONVERSION = YES_AGGRESSIVE;
				CLANG_CXX_LANGUAGE_STANDARD = "gnu++17";
				CLANG_CXX_LIBRARY = "libc++";
				CLANG_ENABLE_MODULES = YES;
				CLANG_ENABLE_OBJC_ARC = YES;
				CLANG_ENABLE_OBJC_WEAK = YES;
				CLANG_WARN_BLOCK_CAPTURE_AUTORELEASING = YES;
				CLANG_WARN_BOOL_CONVERSION = YES;
				CLANG_WARN_COMMA = YES;
				CLANG_WARN_CONSTANT_CONVERSION = YES;
				CLANG_WARN_DEPRECATED_OBJC_IMPLEMENTATIONS = YES;
				CLANG_WARN_DIRECT_OBJC_ISA_USAGE = YES_ERROR;
				CLANG_WARN_DOCUMENTATION_COMMENTS = YES;
				CLANG_WARN_EMPTY_BODY = YES;
				CLANG_WARN_ENUM_CONVERSION = YES;
				CLANG_WARN_INFINITE_RECURSION = YES;
				CLANG_WARN_INT_CONVERSION = YES;
				CLANG_WARN_NON_LITERAL_NULL_CONVERSION = YES;
				CLANG_WARN_OBJC_IMPLICIT_RETAIN_SELF = YES;
				CLANG_WARN_OBJC_LITERAL_CONVERSION = YES;
				CLANG_WARN_OBJC_ROOT_CLASS = YES_ERROR;
				CLANG_WARN_QUOTED_INCLUDE_IN_FRAMEWORK_HEADER = YES;
				CLANG_WARN_RANGE_LOOP_ANALYSIS = YES;
				CLANG_WARN_STRICT_PROTOTYPES = YES;
				CLANG_WARN_SUSPICIOUS_MOVE = YES;
				CLANG_WARN_UNGUARDED_AVAILABILITY = YES_AGGRESSIVE;
				CLANG_WARN_UNREACHABLE_CODE = YES;
				CLANG_WARN__DUPLICATE_METHOD_MATCH = YES;
				COPY_PHASE_STRIP = NO;
				DEBUG_INFORMATION_FORMAT = dwarf;
				ENABLE_STRICT_OBJC_MSGSEND = YES;
				ENABLE_TESTABILITY = YES;
				GCC_C_LANGUAGE_STANDARD = gnu11;
				GCC_DYNAMIC_NO_PIC = NO;
				GCC_NO_COMMON_BLOCKS = YES;
				GCC_OPTIMIZATION_LEVEL = 0;
				GCC_PREPROCESSOR_DEFINITIONS = (
					"DEBUG=1",
					"$(inherited)",
				);
				GCC_WARN_64_TO_32_BIT_CONVERSION = YES;
				GCC_WARN_ABOUT_RETURN_TYPE = YES_ERROR;
				GCC_WARN_UNDECLARED_SELECTOR = YES;
				GCC_WARN_UNINITIALIZED_AUTOS = YES_AGGRESSIVE;
				GCC_WARN_UNUSED_FUNCTION = YES;
				GCC_WARN_UNUSED_VARIABLE = YES;
				IPHONEOS_DEPLOYMENT_TARGET = 15.0;
				MTL_ENABLE_DEBUG_INFO = INCLUDE_SOURCE;
				MTL_FAST_MATH = YES;
				ONLY_ACTIVE_ARCH = YES;
				SDKROOT = iphoneos;
				SWIFT_ACTIVE_COMPILATION_CONDITIONS = DEBUG;
				SWIFT_OPTIMIZATION_LEVEL = "-Onone";
			};
			name = Debug;
		};
		22F26538276CDEB70055E2BC /* Release */ = {
			isa = XCBuildConfiguration;
			buildSettings = {
				ALWAYS_SEARCH_USER_PATHS = NO;
				CLANG_ANALYZER_NONNULL = YES;
				CLANG_ANALYZER_NUMBER_OBJECT_CONVERSION = YES_AGGRESSIVE;
				CLANG_CXX_LANGUAGE_STANDARD = "gnu++17";
				CLANG_CXX_LIBRARY = "libc++";
				CLANG_ENABLE_MODULES = YES;
				CLANG_ENABLE_OBJC_ARC = YES;
				CLANG_ENABLE_OBJC_WEAK = YES;
				CLANG_WARN_BLOCK_CAPTURE_AUTORELEASING = YES;
				CLANG_WARN_BOOL_CONVERSION = YES;
				CLANG_WARN_COMMA = YES;
				CLANG_WARN_CONSTANT_CONVERSION = YES;
				CLANG_WARN_DEPRECATED_OBJC_IMPLEMENTATIONS = YES;
				CLANG_WARN_DIRECT_OBJC_ISA_USAGE = YES_ERROR;
				CLANG_WARN_DOCUMENTATION_COMMENTS = YES;
				CLANG_WARN_EMPTY_BODY = YES;
				CLANG_WARN_ENUM_CONVERSION = YES;
				CLANG_WARN_INFINITE_RECURSION = YES;
				CLANG_WARN_INT_CONVERSION = YES;
				CLANG_WARN_NON_LITERAL_NULL_CONVERSION = YES;
				CLANG_WARN_OBJC_IMPLICIT_RETAIN_SELF = YES;
				CLANG_WARN_OBJC_LITERAL_CONVERSION = YES;
				CLANG_WARN_OBJC_ROOT_CLASS = YES_ERROR;
				CLANG_WARN_QUOTED_INCLUDE_IN_FRAMEWORK_HEADER = YES;
				CLANG_WARN_RANGE_LOOP_ANALYSIS = YES;
				CLANG_WARN_STRICT_PROTOTYPES = YES;
				CLANG_WARN_SUSPICIOUS_MOVE = YES;
				CLANG_WARN_UNGUARDED_AVAILABILITY = YES_AGGRESSIVE;
				CLANG_WARN_UNREACHABLE_CODE = YES;
				CLANG_WARN__DUPLICATE_METHOD_MATCH = YES;
				COPY_PHASE_STRIP = NO;
				DEBUG_INFORMATION_FORMAT = "dwarf-with-dsym";
				ENABLE_NS_ASSERTIONS = NO;
				ENABLE_STRICT_OBJC_MSGSEND = YES;
				GCC_C_LANGUAGE_STANDARD = gnu11;
				GCC_NO_COMMON_BLOCKS = YES;
				GCC_WARN_64_TO_32_BIT_CONVERSION = YES;
				GCC_WARN_ABOUT_RETURN_TYPE = YES_ERROR;
				GCC_WARN_UNDECLARED_SELECTOR = YES;
				GCC_WARN_UNINITIALIZED_AUTOS = YES_AGGRESSIVE;
				GCC_WARN_UNUSED_FUNCTION = YES;
				GCC_WARN_UNUSED_VARIABLE = YES;
				IPHONEOS_DEPLOYMENT_TARGET = 15.0;
				MTL_ENABLE_DEBUG_INFO = NO;
				MTL_FAST_MATH = YES;
				SDKROOT = iphoneos;
				SWIFT_COMPILATION_MODE = wholemodule;
				SWIFT_OPTIMIZATION_LEVEL = "-O";
				VALIDATE_PRODUCT = YES;
			};
			name = Release;
		};
		22F2653A276CDEB70055E2BC /* Debug */ = {
			isa = XCBuildConfiguration;
			buildSettings = {
				ASSETCATALOG_COMPILER_APPICON_NAME = AppIcon;
				ASSETCATALOG_COMPILER_GLOBAL_ACCENT_COLOR_NAME = AccentColor;
				CODE_SIGN_STYLE = Automatic;
				CURRENT_PROJECT_VERSION = 1;
				DEVELOPMENT_ASSET_PATHS = "\"TriviaGame/Preview Content\"";
				DEVELOPMENT_TEAM = 68WS2M23VC;
				ENABLE_PREVIEWS = YES;
				GENERATE_INFOPLIST_FILE = YES;
				INFOPLIST_KEY_UIApplicationSceneManifest_Generation = YES;
				INFOPLIST_KEY_UIApplicationSupportsIndirectInputEvents = YES;
				INFOPLIST_KEY_UILaunchScreen_Generation = YES;
				INFOPLIST_KEY_UISupportedInterfaceOrientations_iPad = "UIInterfaceOrientationPortrait UIInterfaceOrientationPortraitUpsideDown UIInterfaceOrientationLandscapeLeft UIInterfaceOrientationLandscapeRight";
				INFOPLIST_KEY_UISupportedInterfaceOrientations_iPhone = "UIInterfaceOrientationPortrait UIInterfaceOrientationLandscapeLeft UIInterfaceOrientationLandscapeRight";
				LD_RUNPATH_SEARCH_PATHS = (
					"$(inherited)",
					"@executable_path/Frameworks",
				);
				MARKETING_VERSION = 1.0;
				PRODUCT_BUNDLE_IDENTIFIER = io.designcode.TriviaGame;
				PRODUCT_NAME = "$(TARGET_NAME)";
				SWIFT_EMIT_LOC_STRINGS = YES;
				SWIFT_VERSION = 5.0;
				TARGETED_DEVICE_FAMILY = "1,2";
			};
			name = Debug;
		};
		22F2653B276CDEB70055E2BC /* Release */ = {
			isa = XCBuildConfiguration;
			buildSettings = {
				ASSETCATALOG_COMPILER_APPICON_NAME = AppIcon;
				ASSETCATALOG_COMPILER_GLOBAL_ACCENT_COLOR_NAME = AccentColor;
				CODE_SIGN_STYLE = Automatic;
				CURRENT_PROJECT_VERSION = 1;
				DEVELOPMENT_ASSET_PATHS = "\"TriviaGame/Preview Content\"";
				DEVELOPMENT_TEAM = 68WS2M23VC;
				ENABLE_PREVIEWS = YES;
				GENERATE_INFOPLIST_FILE = YES;
				INFOPLIST_KEY_UIApplicationSceneManifest_Generation = YES;
				INFOPLIST_KEY_UIApplicationSupportsIndirectInputEvents = YES;
				INFOPLIST_KEY_UILaunchScreen_Generation = YES;
				INFOPLIST_KEY_UISupportedInterfaceOrientations_iPad = "UIInterfaceOrientationPortrait UIInterfaceOrientationPortraitUpsideDown UIInterfaceOrientationLandscapeLeft UIInterfaceOrientationLandscapeRight";
				INFOPLIST_KEY_UISupportedInterfaceOrientations_iPhone = "UIInterfaceOrientationPortrait UIInterfaceOrientationLandscapeLeft UIInterfaceOrientationLandscapeRight";
				LD_RUNPATH_SEARCH_PATHS = (
					"$(inherited)",
					"@executable_path/Frameworks",
				);
				MARKETING_VERSION = 1.0;
				PRODUCT_BUNDLE_IDENTIFIER = io.designcode.TriviaGame;
				PRODUCT_NAME = "$(TARGET_NAME)";
				SWIFT_EMIT_LOC_STRINGS = YES;
				SWIFT_VERSION = 5.0;
				TARGETED_DEVICE_FAMILY = "1,2";
			};
			name = Release;
		};
/* End XCBuildConfiguration section */

/* Begin XCConfigurationList section */
		22F26526276CDEB60055E2BC /* Build configuration list for PBXProject "TriviaGame" */ = {
			isa = XCConfigurationList;
			buildConfigurations = (
				22F26537276CDEB70055E2BC /* Debug */,
				22F26538276CDEB70055E2BC /* Release */,
			);
			defaultConfigurationIsVisible = 0;
			defaultConfigurationName = Release;
		};
		22F26539276CDEB70055E2BC /* Build configuration list for PBXNativeTarget "TriviaGame" */ = {
			isa = XCConfigurationList;
			buildConfigurations = (
				22F2653A276CDEB70055E2BC /* Debug */,
				22F2653B276CDEB70055E2BC /* Release */,
			);
			defaultConfigurationIsVisible = 0;
			defaultConfigurationName = Release;
		};
/* End XCConfigurationList section */
	};
	rootObject = 22F26523276CDEB60055E2BC /* Project object */;
}
